
Microsoft Visual Studio Solution File, Format Version 12.00
# Visual Studio Version 16
VisualStudioVersion = 16.0.31205.134
MinimumVisualStudioVersion = 10.0.40219.1
Project("{9A19103F-16F7-4668-BE54-9A1E7A4F7556}") = "MexcTriangularArbitrage", "MexcTriangularArbitrage\MexcTriangularArbitrage.csproj", "{72A5B518-B6EA-4498-A35D-4F8EBF4D7ABC}"
EndProject
Global
	GlobalSection(SolutionConfigurationPlatforms) = preSolution
		Debug|Any CPU = Debug|Any CPU
		Release|Any CPU = Release|Any CPU
	EndGlobalSection
	GlobalSection(ProjectConfigurationPlatforms) = postSolution
		{72A5B518-B6EA-4498-A35D-4F8EBF4D7ABC}.Debug|Any CPU.ActiveCfg = Debug|Any CPU
		{72A5B518-B6EA-4498-A35D-4F8EBF4D7ABC}.Debug|Any CPU.Build.0 = Debug|Any CPU
		{72A5B518-B6EA-4498-A35D-4F8EBF4D7ABC}.Release|Any CPU.ActiveCfg = Release|Any CPU
		{72A5B518-B6EA-4498-A35D-4F8EBF4D7ABC}.Release|Any CPU.Build.0 = Release|Any CPU
	EndGlobalSection
	GlobalSection(SolutionProperties) = preSolution
		HideSolutionNode = FALSE
	EndGlobalSection
	GlobalSection(ExtensibilityGlobals) = postSolution
		SolutionGuid = {560292A7-0896-4F50-929D-1E43E4EF873D}
	EndGlobalSection
EndGlobal
